
Microsoft Visual Studio Solution File, Format Version 12.00
# Visual Studio Version 16
VisualStudioVersion = 16.0.31402.337
MinimumVisualStudioVersion = 10.0.40219.1
Project("{9A19103F-16F7-4668-BE54-9A1E7A4F7556}") = "HackerMe.UI", "HackerMeProject\HackerMe.UI.csproj", "{241514ED-80F7-4D1E-92FB-6D1AB9EAB818}"
EndProject
Project("{FAE04EC0-301F-11D3-BF4B-00C04F79EFBC}") = "HackerMe.DB", "HackerMe.DB\HackerMe.DB.csproj", "{AC213DBF-D523-49BB-A8D4-BBD5BEC520BE}"
EndProject
Global
	GlobalSection(SolutionConfigurationPlatforms) = preSolution
		Debug|Any CPU = Debug|Any CPU
		Release|Any CPU = Release|Any CPU
	EndGlobalSection
	GlobalSection(ProjectConfigurationPlatforms) = postSolution
		{241514ED-80F7-4D1E-92FB-6D1AB9EAB818}.Debug|Any CPU.ActiveCfg = Debug|Any CPU
		{241514ED-80F7-4D1E-92FB-6D1AB9EAB818}.Debug|Any CPU.Build.0 = Debug|Any CPU
		{241514ED-80F7-4D1E-92FB-6D1AB9EAB818}.Release|Any CPU.ActiveCfg = Release|Any CPU
		{241514ED-80F7-4D1E-92FB-6D1AB9EAB818}.Release|Any CPU.Build.0 = Release|Any CPU
		{AC213DBF-D523-49BB-A8D4-BBD5BEC520BE}.Debug|Any CPU.ActiveCfg = Debug|Any CPU
		{AC213DBF-D523-49BB-A8D4-BBD5BEC520BE}.Debug|Any CPU.Build.0 = Debug|Any CPU
		{AC213DBF-D523-49BB-A8D4-BBD5BEC520BE}.Release|Any CPU.ActiveCfg = Release|Any CPU
		{AC213DBF-D523-49BB-A8D4-BBD5BEC520BE}.Release|Any CPU.Build.0 = Release|Any CPU
	EndGlobalSection
	GlobalSection(SolutionProperties) = preSolution
		HideSolutionNode = FALSE
	EndGlobalSection
	GlobalSection(ExtensibilityGlobals) = postSolution
		SolutionGuid = {108E31BD-21B0-4B59-9BB8-13DB507A1A65}
	EndGlobalSection
EndGlobal
